
Microsoft Visual Studio Solution File, Format Version 12.00
# Visual Studio 15
VisualStudioVersion = 15.0.28307.329
MinimumVisualStudioVersion = 10.0.40219.1
Project("{FAE04EC0-301F-11D3-BF4B-00C04F79EFBC}") = "OasisDataAccessLayer", "OasisDataAccessLayer\OasisDataAccessLayer.csproj", "{7708B09D-9ED1-4AA2-8987-EDF6683D41AB}"
EndProject
Project("{FAE04EC0-301F-11D3-BF4B-00C04F79EFBC}") = "OasisWebApplication", "OasisWebApplication\OasisWebApplication.csproj", "{C11D6A24-3350-4674-855A-E83FE791F090}"
EndProject
Global
	GlobalSection(SolutionConfigurationPlatforms) = preSolution
		Debug|Any CPU = Debug|Any CPU
		Release|Any CPU = Release|Any CPU
	EndGlobalSection
	GlobalSection(ProjectConfigurationPlatforms) = postSolution
		{7708B09D-9ED1-4AA2-8987-EDF6683D41AB}.Debug|Any CPU.ActiveCfg = Debug|Any CPU
		{7708B09D-9ED1-4AA2-8987-EDF6683D41AB}.Debug|Any CPU.Build.0 = Debug|Any CPU
		{7708B09D-9ED1-4AA2-8987-EDF6683D41AB}.Release|Any CPU.ActiveCfg = Release|Any CPU
		{7708B09D-9ED1-4AA2-8987-EDF6683D41AB}.Release|Any CPU.Build.0 = Release|Any CPU
		{C11D6A24-3350-4674-855A-E83FE791F090}.Debug|Any CPU.ActiveCfg = Debug|Any CPU
		{C11D6A24-3350-4674-855A-E83FE791F090}.Debug|Any CPU.Build.0 = Debug|Any CPU
		{C11D6A24-3350-4674-855A-E83FE791F090}.Release|Any CPU.ActiveCfg = Release|Any CPU
		{C11D6A24-3350-4674-855A-E83FE791F090}.Release|Any CPU.Build.0 = Release|Any CPU
	EndGlobalSection
	GlobalSection(SolutionProperties) = preSolution
		HideSolutionNode = FALSE
	EndGlobalSection
	GlobalSection(ExtensibilityGlobals) = postSolution
		SolutionGuid = {2BA30B7F-BEF5-478B-9629-549B13F82C01}
	EndGlobalSection
EndGlobal
